
Microsoft Visual Studio Solution File, Format Version 12.00
# Visual Studio Version 16
VisualStudioVersion = 16.0.33130.400
MinimumVisualStudioVersion = 10.0.40219.1
Project("{FAE04EC0-301F-11D3-BF4B-00C04F79EFBC}") = "GitFun", "GitFun\GitFun.csproj", "{7DB33405-3E2A-4AE8-879F-25B948415427}"
EndProject
Global
	GlobalSection(SolutionConfigurationPlatforms) = preSolution
		Debug|Any CPU = Debug|Any CPU
		Release|Any CPU = Release|Any CPU
	EndGlobalSection
	GlobalSection(ProjectConfigurationPlatforms) = postSolution
		{7DB33405-3E2A-4AE8-879F-25B948415427}.Debug|Any CPU.ActiveCfg = Debug|Any CPU
		{7DB33405-3E2A-4AE8-879F-25B948415427}.Debug|Any CPU.Build.0 = Debug|Any CPU
		{7DB33405-3E2A-4AE8-879F-25B948415427}.Release|Any CPU.ActiveCfg = Release|Any CPU
		{7DB33405-3E2A-4AE8-879F-25B948415427}.Release|Any CPU.Build.0 = Release|Any CPU
	EndGlobalSection
	GlobalSection(SolutionProperties) = preSolution
		HideSolutionNode = FALSE
	EndGlobalSection
	GlobalSection(ExtensibilityGlobals) = postSolution
		SolutionGuid = {F02F067E-1E1E-4196-8753-CA0469A3FFF7}
	EndGlobalSection
EndGlobal
